// !$*UTF8*$!
{
	archiveVersion = 1;
	classes = {
	};
	objectVersion = 50;
	objects = {

/* Begin PBXBuildFile section */
		B6A25CE625C2B8D800E90BBF /* AppDelegate.swift in Sources */ = {isa = PBXBuildFile; fileRef = B6A25CE525C2B8D800E90BBF /* AppDelegate.swift */; };
		B6A25CE825C2B8D800E90BBF /* SceneDelegate.swift in Sources */ = {isa = PBXBuildFile; fileRef = B6A25CE725C2B8D800E90BBF /* SceneDelegate.swift */; };
		B6A25CEA25C2B8D800E90BBF /* ViewController.swift in Sources */ = {isa = PBXBuildFile; fileRef = B6A25CE925C2B8D800E90BBF /* ViewController.swift */; };
		B6A25CED25C2B8D800E90BBF /* Main.storyboard in Resources */ = {isa = PBXBuildFile; fileRef = B6A25CEB25C2B8D800E90BBF /* Main.storyboard */; };
		B6A25CEF25C2B8DC00E90BBF /* Assets.xcassets in Resources */ = {isa = PBXBuildFile; fileRef = B6A25CEE25C2B8DC00E90BBF /* Assets.xcassets */; };
		B6A25CF225C2B8DC00E90BBF /* LaunchScreen.storyboard in Resources */ = {isa = PBXBuildFile; fileRef = B6A25CF025C2B8DC00E90BBF /* LaunchScreen.storyboard */; };
/* End PBXBuildFile section */

/* Begin PBXFileReference section */
		B6A25CE225C2B8D800E90BBF /* myTableViewController.app */ = {isa = PBXFileReference; explicitFileType = wrapper.application; includeInIndex = 0; path = myTableViewController.app; sourceTree = BUILT_PRODUCTS_DIR; };
		B6A25CE525C2B8D800E90BBF /* AppDelegate.swift */ = {isa = PBXFileReference; lastKnownFileType = sourcecode.swift; path = AppDelegate.swift; sourceTree = "<group>"; };
		B6A25CE725C2B8D800E90BBF /* SceneDelegate.swift */ = {isa = PBXFileReference; lastKnownFileType = sourcecode.swift; path = SceneDelegate.swift; sourceTree = "<group>"; };
		B6A25CE925C2B8D800E90BBF /* ViewController.swift */ = {isa = PBXFileReference; lastKnownFileType = sourcecode.swift; path = ViewController.swift; sourceTree = "<group>"; };
		B6A25CEC25C2B8D800E90BBF /* Base */ = {isa = PBXFileReference; lastKnownFileType = file.storyboard; name = Base; path = Base.lproj/Main.storyboard; sourceTree = "<group>"; };
		B6A25CEE25C2B8DC00E90BBF /* Assets.xcassets */ = {isa = PBXFileReference; lastKnownFileType = folder.assetcatalog; path = Assets.xcassets; sourceTree = "<group>"; };
		B6A25CF125C2B8DC00E90BBF /* Base */ = {isa = PBXFileReference; lastKnownFileType = file.storyboard; name = Base; path = Base.lproj/LaunchScreen.storyboard; sourceTree = "<group>"; };
		B6A25CF325C2B8DC00E90BBF /* Info.plist */ = {isa = PBXFileReference; lastKnownFileType = text.plist.xml; path = Info.plist; sourceTree = "<group>"; };
/* End PBXFileReference section */

/* Begin PBXFrameworksBuildPhase section */
		B6A25CDF25C2B8D800E90BBF /* Frameworks */ = {
			isa = PBXFrameworksBuildPhase;
			buildActionMask = 2147483647;
			files = (
			);
			runOnlyForDeploymentPostprocessing = 0;
		};
/* End PBXFrameworksBuildPhase section */

/* Begin PBXGroup section */
		B6A25CD925C2B8D800E90BBF = {
			isa = PBXGroup;
			children = (
				B6A25CE425C2B8D800E90BBF /* myTableViewController */,
				B6A25CE325C2B8D800E90BBF /* Products */,
			);
			sourceTree = "<group>";
		};
		B6A25CE325C2B8D800E90BBF /* Products */ = {
			isa = PBXGroup;
			children = (
				B6A25CE225C2B8D800E90BBF /* myTableViewController.app */,
			);
			name = Products;
			sourceTree = "<group>";
		};
		B6A25CE425C2B8D800E90BBF /* myTableViewController */ = {
			isa = PBXGroup;
			children = (
				B6A25CE525C2B8D800E90BBF /* AppDelegate.swift */,
				B6A25CE725C2B8D800E90BBF /* SceneDelegate.swift */,
				B6A25CE925C2B8D800E90BBF /* ViewController.swift */,
				B6A25CEB25C2B8D800E90BBF /* Main.storyboard */,
				B6A25CEE25C2B8DC00E90BBF /* Assets.xcassets */,
				B6A25CF025C2B8DC00E90BBF /* LaunchScreen.storyboard */,
				B6A25CF325C2B8DC00E90BBF /* Info.plist */,
			);
			path = myTableViewController;
			sourceTree = "<group>";
		};
/* End PBXGroup section */

/* Begin PBXNativeTarget section */
		B6A25CE125C2B8D800E90BBF /* myTableViewController */ = {
			isa = PBXNativeTarget;
			buildConfigurationList = B6A25CF625C2B8DC00E90BBF /* Build configuration list for PBXNativeTarget "myTableViewController" */;
			buildPhases = (
				B6A25CDE25C2B8D800E90BBF /* Sources */,
				B6A25CDF25C2B8D800E90BBF /* Frameworks */,
				B6A25CE025C2B8D800E90BBF /* Resources */,
			);
			buildRules = (
			);
			dependencies = (
			);
			name = myTableViewController;
			productName = myTableViewController;
			productReference = B6A25CE225C2B8D800E90BBF /* myTableViewController.app */;
			productType = "com.apple.product-type.application";
		};
/* End PBXNativeTarget section */

/* Begin PBXProject section */
		B6A25CDA25C2B8D800E90BBF /* Project object */ = {
			isa = PBXProject;
			attributes = {
				LastSwiftUpdateCheck = 1230;
				LastUpgradeCheck = 1230;
				TargetAttributes = {
					B6A25CE125C2B8D800E90BBF = {
						CreatedOnToolsVersion = 12.3;
					};
				};
			};
			buildConfigurationList = B6A25CDD25C2B8D800E90BBF /* Build configuration list for PBXProject "myTableViewController" */;
			compatibilityVersion = "Xcode 9.3";
			developmentRegion = en;
			hasScannedForEncodings = 0;
			knownRegions = (
				en,
				Base,
			);
			mainGroup = B6A25CD925C2B8D800E90BBF;
			productRefGroup = B6A25CE325C2B8D800E90BBF /* Products */;
			projectDirPath = "";
			projectRoot = "";
			targets = (
				B6A25CE125C2B8D800E90BBF /* myTableViewController */,
			);
		};
/* End PBXProject section */

/* Begin PBXResourcesBuildPhase section */
		B6A25CE025C2B8D800E90BBF /* Resources */ = {
			isa = PBXResourcesBuildPhase;
			buildActionMask = 2147483647;
			files = (
				B6A25CF225C2B8DC00E90BBF /* LaunchScreen.storyboard in Resources */,
				B6A25CEF25C2B8DC00E90BBF /* Assets.xcassets in Resources */,
				B6A25CED25C2B8D800E90BBF /* Main.storyboard in Resources */,
			);
			runOnlyForDeploymentPostprocessing = 0;
		};
/* End PBXResourcesBuildPhase section */

/* Begin PBXSourcesBuildPhase section */
		B6A25CDE25C2B8D800E90BBF /* Sources */ = {
			isa = PBXSourcesBuildPhase;
			buildActionMask = 2147483647;
			files = (
				B6A25CEA25C2B8D800E90BBF /* ViewController.swift in Sources */,
				B6A25CE625C2B8D800E90BBF /* AppDelegate.swift in Sources */,
				B6A25CE825C2B8D800E90BBF /* SceneDelegate.swift in Sources */,
			);
			runOnlyForDeploymentPostprocessing = 0;
		};
/* End PBXSourcesBuildPhase section */

/* Begin PBXVariantGroup section */
		B6A25CEB25C2B8D800E90BBF /* Main.storyboard */ = {
			isa = PBXVariantGroup;
			children = (
				B6A25CEC25C2B8D800E90BBF /* Base */,
			);
			name = Main.storyboard;
			sourceTree = "<group>";
		};
		B6A25CF025C2B8DC00E90BBF /* LaunchScreen.storyboard */ = {
			isa = PBXVariantGroup;
			children = (
				B6A25CF125C2B8DC00E90BBF /* Base */,
			);
			name = LaunchScreen.storyboard;
			sourceTree = "<group>";
		};
/* End PBXVariantGroup section */

/* Begin XCBuildConfiguration section */
		B6A25CF425C2B8DC00E90BBF /* Debug */ = {
			isa = XCBuildConfiguration;
			buildSettings = {
				ALWAYS_SEARCH_USER_PATHS = NO;
				CLANG_ANALYZER_NONNULL = YES;
				CLANG_ANALYZER_NUMBER_OBJECT_CONVERSION = YES_AGGRESSIVE;
				CLANG_CXX_LANGUAGE_STANDARD = "gnu++14";
				CLANG_CXX_LIBRARY = "libc++";
				CLANG_ENABLE_MODULES = YES;
				CLANG_ENABLE_OBJC_ARC = YES;
				CLANG_ENABLE_OBJC_WEAK = YES;
				CLANG_WARN_BLOCK_CAPTURE_AUTORELEASING = YES;
				CLANG_WARN_BOOL_CONVERSION = YES;
				CLANG_WARN_COMMA = YES;
				CLANG_WARN_CONSTANT_CONVERSION = YES;
				CLANG_WARN_DEPRECATED_OBJC_IMPLEMENTATIONS = YES;
				CLANG_WARN_DIRECT_OBJC_ISA_USAGE = YES_ERROR;
				CLANG_WARN_DOCUMENTATION_COMMENTS = YES;
				CLANG_WARN_EMPTY_BODY = YES;
				CLANG_WARN_ENUM_CONVERSION = YES;
				CLANG_WARN_INFINITE_RECURSION = YES;
				CLANG_WARN_INT_CONVERSION = YES;
				CLANG_WARN_NON_LITERAL_NULL_CONVERSION = YES;
				CLANG_WARN_OBJC_IMPLICIT_RETAIN_SELF = YES;
				CLANG_WARN_OBJC_LITERAL_CONVERSION = YES;
				CLANG_WARN_OBJC_ROOT_CLASS = YES_ERROR;
				CLANG_WARN_QUOTED_INCLUDE_IN_FRAMEWORK_HEADER = YES;
				CLANG_WARN_RANGE_LOOP_ANALYSIS = YES;
				CLANG_WARN_STRICT_PROTOTYPES = YES;
				CLANG_WARN_SUSPICIOUS_MOVE = YES;
				CLANG_WARN_UNGUARDED_AVAILABILITY = YES_AGGRESSIVE;
				CLANG_WARN_UNREACHABLE_CODE = YES;
				CLANG_WARN__DUPLICATE_METHOD_MATCH = YES;
				COPY_PHASE_STRIP = NO;
				DEBUG_INFORMATION_FORMAT = dwarf;
				ENABLE_STRICT_OBJC_MSGSEND = YES;
				ENABLE_TESTABILITY = YES;
				GCC_C_LANGUAGE_STANDARD = gnu11;
				GCC_DYNAMIC_NO_PIC = NO;
				GCC_NO_COMMON_BLOCKS = YES;
				GCC_OPTIMIZATION_LEVEL = 0;
				GCC_PREPROCESSOR_DEFINITIONS = (
					"DEBUG=1",
					"$(inherited)",
				);
				GCC_WARN_64_TO_32_BIT_CONVERSION = YES;
				GCC_WARN_ABOUT_RETURN_TYPE = YES_ERROR;
				GCC_WARN_UNDECLARED_SELECTOR = YES;
				GCC_WARN_UNINITIALIZED_AUTOS = YES_AGGRESSIVE;
				GCC_WARN_UNUSED_FUNCTION = YES;
				GCC_WARN_UNUSED_VARIABLE = YES;
				IPHONEOS_DEPLOYMENT_TARGET = 14.3;
				MTL_ENABLE_DEBUG_INFO = INCLUDE_SOURCE;
				MTL_FAST_MATH = YES;
				ONLY_ACTIVE_ARCH = YES;
				SDKROOT = iphoneos;
				SWIFT_ACTIVE_COMPILATION_CONDITIONS = DEBUG;
				SWIFT_OPTIMIZATION_LEVEL = "-Onone";
			};
			name = Debug;
		};
		B6A25CF525C2B8DC00E90BBF /* Release */ = {
			isa = XCBuildConfiguration;
			buildSettings = {
				ALWAYS_SEARCH_USER_PATHS = NO;
				CLANG_ANALYZER_NONNULL = YES;
				CLANG_ANALYZER_NUMBER_OBJECT_CONVERSION = YES_AGGRESSIVE;
				CLANG_CXX_LANGUAGE_STANDARD = "gnu++14";
				CLANG_CXX_LIBRARY = "libc++";
				CLANG_ENABLE_MODULES = YES;
				CLANG_ENABLE_OBJC_ARC = YES;
				CLANG_ENABLE_OBJC_WEAK = YES;
				CLANG_WARN_BLOCK_CAPTURE_AUTORELEASING = YES;
				CLANG_WARN_BOOL_CONVERSION = YES;
				CLANG_WARN_COMMA = YES;
				CLANG_WARN_CONSTANT_CONVERSION = YES;
				CLANG_WARN_DEPRECATED_OBJC_IMPLEMENTATIONS = YES;
				CLANG_WARN_DIRECT_OBJC_ISA_USAGE = YES_ERROR;
				CLANG_WARN_DOCUMENTATION_COMMENTS = YES;
				CLANG_WARN_EMPTY_BODY = YES;
				CLANG_WARN_ENUM_CONVERSION = YES;
				CLANG_WARN_INFINITE_RECURSION = YES;
				CLANG_WARN_INT_CONVERSION = YES;
				CLANG_WARN_NON_LITERAL_NULL_CONVERSION = YES;
				CLANG_WARN_OBJC_IMPLICIT_RETAIN_SELF = YES;
				CLANG_WARN_OBJC_LITERAL_CONVERSION = YES;
				CLANG_WARN_OBJC_ROOT_CLASS = YES_ERROR;
				CLANG_WARN_QUOTED_INCLUDE_IN_FRAMEWORK_HEADER = YES;
				CLANG_WARN_RANGE_LOOP_ANALYSIS = YES;
				CLANG_WARN_STRICT_PROTOTYPES = YES;
				CLANG_WARN_SUSPICIOUS_MOVE = YES;
				CLANG_WARN_UNGUARDED_AVAILABILITY = YES_AGGRESSIVE;
				CLANG_WARN_UNREACHABLE_CODE = YES;
				CLANG_WARN__DUPLICATE_METHOD_MATCH = YES;
				COPY_PHASE_STRIP = NO;
				DEBUG_INFORMATION_FORMAT = "dwarf-with-dsym";
				ENABLE_NS_ASSERTIONS = NO;
				ENABLE_STRICT_OBJC_MSGSEND = YES;
				GCC_C_LANGUAGE_STANDARD = gnu11;
				GCC_NO_COMMON_BLOCKS = YES;
				GCC_WARN_64_TO_32_BIT_CONVERSION = YES;
				GCC_WARN_ABOUT_RETURN_TYPE = YES_ERROR;
				GCC_WARN_UNDECLARED_SELECTOR = YES;
				GCC_WARN_UNINITIALIZED_AUTOS = YES_AGGRESSIVE;
				GCC_WARN_UNUSED_FUNCTION = YES;
				GCC_WARN_UNUSED_VARIABLE = YES;
				IPHONEOS_DEPLOYMENT_TARGET = 14.3;
				MTL_ENABLE_DEBUG_INFO = NO;
				MTL_FAST_MATH = YES;
				SDKROOT = iphoneos;
				SWIFT_COMPILATION_MODE = wholemodule;
				SWIFT_OPTIMIZATION_LEVEL = "-O";
				VALIDATE_PRODUCT = YES;
			};
			name = Release;
		};
		B6A25CF725C2B8DC00E90BBF /* Debug */ = {
			isa = XCBuildConfiguration;
			buildSettings = {
				ASSETCATALOG_COMPILER_APPICON_NAME = AppIcon;
				ASSETCATALOG_COMPILER_GLOBAL_ACCENT_COLOR_NAME = AccentColor;
				CODE_SIGN_STYLE = Automatic;
				DEVELOPMENT_TEAM = 335P9V9C72;
				INFOPLIST_FILE = myTableViewController/Info.plist;
				LD_RUNPATH_SEARCH_PATHS = (
					"$(inherited)",
					"@executable_path/Frameworks",
				);
				PRODUCT_BUNDLE_IDENTIFIER = com.radhika.myTableViewController;
				PRODUCT_NAME = "$(TARGET_NAME)";
				SWIFT_VERSION = 5.0;
				TARGETED_DEVICE_FAMILY = "1,2";
			};
			name = Debug;
		};
		B6A25CF825C2B8DC00E90BBF /* Release */ = {
			isa = XCBuildConfiguration;
			buildSettings = {
				ASSETCATALOG_COMPILER_APPICON_NAME = AppIcon;
				ASSETCATALOG_COMPILER_GLOBAL_ACCENT_COLOR_NAME = AccentColor;
				CODE_SIGN_STYLE = Automatic;
				DEVELOPMENT_TEAM = 335P9V9C72;
				INFOPLIST_FILE = myTableViewController/Info.plist;
				LD_RUNPATH_SEARCH_PATHS = (
					"$(inherited)",
					"@executable_path/Frameworks",
				);
				PRODUCT_BUNDLE_IDENTIFIER = com.radhika.myTableViewController;
				PRODUCT_NAME = "$(TARGET_NAME)";
				SWIFT_VERSION = 5.0;
				TARGETED_DEVICE_FAMILY = "1,2";
			};
			name = Release;
		};
/* End XCBuildConfiguration section */

/* Begin XCConfigurationList section */
		B6A25CDD25C2B8D800E90BBF /* Build configuration list for PBXProject "myTableViewController" */ = {
			isa = XCConfigurationList;
			buildConfigurations = (
				B6A25CF425C2B8DC00E90BBF /* Debug */,
				B6A25CF525C2B8DC00E90BBF /* Release */,
			);
			defaultConfigurationIsVisible = 0;
			defaultConfigurationName = Release;
		};
		B6A25CF625C2B8DC00E90BBF /* Build configuration list for PBXNativeTarget "myTableViewController" */ = {
			isa = XCConfigurationList;
			buildConfigurations = (
				B6A25CF725C2B8DC00E90BBF /* Debug */,
				B6A25CF825C2B8DC00E90BBF /* Release */,
			);
			defaultConfigurationIsVisible = 0;
			defaultConfigurationName = Release;
		};
/* End XCConfigurationList section */
	};
	rootObject = B6A25CDA25C2B8D800E90BBF /* Project object */;
}
